{
  "name": "Shopify-Integration",
  "lockfileVersion": 3,
  "requires": true,
  "packages": {
    "": {
      "dependencies": {
        "@shopify/shopify-api": "^13.1.0",
        "dotenv": "^17.4.2"
      }
    },
    "node_modules/@shopify/admin-api-client": {
      "version": "1.1.2",
      "resolved": "https://registry.npmjs.org/@shopify/admin-api-client/-/admin-api-client-1.1.2.tgz",
      "integrity": "sha512-sV5gS8x4kj0KLULlOJkoBzm+tu6tn+1PCK9a6inySv5qtzmf/JxDWtLgaW9vRXeXHo/Sl/p3mBWhY3//fKA8iw==",
      "license": "MIT",
      "dependencies": {
        "@shopify/graphql-client": "^1.4.2"
      }
    },
    "node_modules/@shopify/graphql-client": {
      "version": "1.4.2",
      "resolved": "https://registry.npmjs.org/@shopify/graphql-client/-/graphql-client-1.4.2.tgz",
      "integrity": "sha512-C/fEyx6BZmTGeJv0HSsduhfn5ZbkXk0nePkyo0+xXxorP1I+uvx9pobdFxTfiPnOrh+P6QiKzBgIviksnSo4YA==",
      "license": "MIT"
    },
    "node_modules/@shopify/shopify-api": {
      "version": "13.1.0",
      "resolved": "https://registry.npmjs.org/@shopify/shopify-api/-/shopify-api-13.1.0.tgz",
      "integrity": "sha512-TwYL9kPxOgQwwlc9tmnAmSDs79Gdg9QLaIMCfkaCJxkhWxIHVkPWa74GvbBwnmTtB8jkg61Ja4/Qxrk9bCBUiA==",
      "license": "MIT",
      "dependencies": {
        "@shopify/admin-api-client": "^1.1.2",
        "@shopify/graphql-client": "^1.4.2",
        "@shopify/storefront-api-client": "^1.0.10",
        "compare-versions": "^6.1.1",
        "isbot": "^5.1.40",
        "jose": "^5.9.6",
        "lossless-json": "^4.3.0",
        "tslib": "^2.8.1"
      },
      "engines": {
        "node": ">=20.0.0"
      }
    },
    "node_modules/@shopify/storefront-api-client": {
      "version": "1.0.10",
      "resolved": "https://registry.npmjs.org/@shopify/storefront-api-client/-/storefront-api-client-1.0.10.tgz",
      "integrity": "sha512-A0ItFW58L5+y/jnnJDEsmt2YcQSt2BG+pNoQOYRpPBJaOLpTj7A13q1QVrE5XYVGZCA6ZQ6FqAtgosHHrkut0Q==",
      "license": "MIT",
      "dependencies": {
        "@shopify/graphql-client": "^1.4.2"
      }
    },
    "node_modules/compare-versions": {
      "version": "6.1.1",
      "resolved": "https://registry.npmjs.org/compare-versions/-/compare-versions-6.1.1.tgz",
      "integrity": "sha512-4hm4VPpIecmlg59CHXnRDnqGplJFrbLG4aFEl5vl6cK1u76ws3LLvX7ikFnTDl5vo39sjWD6AaDPYodJp/NNHg==",
      "license": "MIT"
    },
    "node_modules/dotenv": {
      "version": "17.4.2",
      "resolved": "https://registry.npmjs.org/dotenv/-/dotenv-17.4.2.tgz",
      "integrity": "sha512-nI4U3TottKAcAD9LLud4Cb7b2QztQMUEfHbvhTH09bqXTxnSie8WnjPALV/WMCrJZ6UV/qHJ6L03OqO3LcdYZw==",
      "license": "BSD-2-Clause",
      "engines": {
        "node": ">=12"
      },
      "funding": {
        "url": "https://dotenvx.com"
      }
    },
    "node_modules/isbot": {
      "version": "5.1.44",
      "resolved": "https://registry.npmjs.org/isbot/-/isbot-5.1.44.tgz",
      "integrity": "sha512-PGEHtwMnKbZpeSEXW2Utx+/JWed7dp6DiH0WWg33vGSDA7RUvpUeJSVlLrVkQ1RCpvDOUc/eH9ql7VsdbBZ8pA==",
      "license": "Unlicense",
      "engines": {
        "node": ">=18"
      }
    },
    "node_modules/jose": {
      "version": "5.10.0",
      "resolved": "https://registry.npmjs.org/jose/-/jose-5.10.0.tgz",
      "integrity": "sha512-s+3Al/p9g32Iq+oqXxkW//7jk2Vig6FF1CFqzVXoTUXt2qz89YWbL+OwS17NFYEvxC35n0FKeGO2LGYSxeM2Gg==",
      "license": "MIT",
      "funding": {
        "url": "https://github.com/sponsors/panva"
      }
    },
    "node_modules/lossless-json": {
      "version": "4.3.0",
      "resolved": "https://registry.npmjs.org/lossless-json/-/lossless-json-4.3.0.tgz",
      "integrity": "sha512-ToxOC+SsduRmdSuoLZLYAr5zy1Qu7l5XhmPWM3zefCZ5IcrzW/h108qbJUKfOlDlhvhjUK84+8PSVX0kxnit0g==",
      "license": "MIT"
    },
    "node_modules/tslib": {
      "version": "2.8.1",
      "resolved": "https://registry.npmjs.org/tslib/-/tslib-2.8.1.tgz",
      "integrity": "sha512-oJFu94HQb+KVduSUQL7wnpmqnfmLsOA/nAh6b6EH0wCEoK0/mPeXU6c3wKDV83MkOuHPRHtSXKKU99IBazS/2w==",
      "license": "0BSD"
    }
  }
}
